{
  "name": "broadcaster",
  "version": "1.0.0",
  "lockfileVersion": 3,
  "requires": true,
  "packages": {
    "": {
      "name": "broadcaster",
      "version": "1.0.0",
      "license": "ISC",
      "dependencies": {
        "nats": "^1.4.9"
      }
    },
    "node_modules/nats": {
      "version": "1.4.9",
      "resolved": "https://registry.npmjs.org/nats/-/nats-1.4.9.tgz",
      "integrity": "sha512-D0qTg2v0jir32TCJfGkxRwOba4/9vqJJmr4GtghR/J9AF6E0y1BdCeXxnD2G+hruSPnKUbF0NzaQVPbSg5fdOg==",
      "license": "Apache-2.0",
      "dependencies": {
        "nuid": "^1.1.4",
        "ts-nkeys": "^1.0.16"
      },
      "bin": {
        "node-pub": "examples/node-pub",
        "node-reply": "examples/node-reply",
        "node-req": "examples/node-req",
        "node-sub": "examples/node-sub"
      },
      "engines": {
        "node": ">= 8.0.0"
      }
    },
    "node_modules/nuid": {
      "version": "1.1.6",
      "resolved": "https://registry.npmjs.org/nuid/-/nuid-1.1.6.tgz",
      "integrity": "sha512-Eb3CPCupYscP1/S1FQcO5nxtu6l/F3k0MQ69h7f5osnsemVk5pkc8/5AyalVT+NCfra9M71U8POqF6EZa6IHvg==",
      "license": "Apache-2.0",
      "engines": {
        "node": ">= 8.16.0"
      }
    },
    "node_modules/ts-nkeys": {
      "version": "1.0.16",
      "resolved": "https://registry.npmjs.org/ts-nkeys/-/ts-nkeys-1.0.16.tgz",
      "integrity": "sha512-1qrhAlavbm36wtW+7NtKOgxpzl+70NTF8xlz9mEhiA5zHMlMxjj3sEVKWm3pGZhHXE0Q3ykjrj+OSRVaYw+Dqg==",
      "license": "Apache-2.0",
      "dependencies": {
        "tweetnacl": "^1.0.3"
      }
    },
    "node_modules/tweetnacl": {
      "version": "1.0.3",
      "resolved": "https://registry.npmjs.org/tweetnacl/-/tweetnacl-1.0.3.tgz",
      "integrity": "sha512-6rt+RN7aOi1nGMyC4Xa5DdYiukl2UWCbcJft7YhxReBGQD7OAM8Pbxw6YMo4r2diNEA8FEmu32YOn9rhaiE5yw==",
      "license": "Unlicense"
    }
  }
}
